
Microsoft Visual Studio Solution File, Format Version 12.00
# Visual Studio Version 17
VisualStudioVersion = 17.8.34525.116
MinimumVisualStudioVersion = 10.0.40219.1
Project("{FAE04EC0-301F-11D3-BF4B-00C04F79EFBC}") = "Workaround", "Workaround\Workaround.csproj", "{13BC22AE-05A1-4EFA-9E13-FEE37B593A77}"
EndProject
Project("{FAE04EC0-301F-11D3-BF4B-00C04F79EFBC}") = "Entities", "Entities\Entities.csproj", "{9B1DAB12-4704-419A-928B-6754A90D8565}"
EndProject
Project("{FAE04EC0-301F-11D3-BF4B-00C04F79EFBC}") = "Business", "Business\Business.csproj", "{C6018328-9CB0-40A7-A429-7C6EB1AA30B1}"
EndProject
Global
	GlobalSection(SolutionConfigurationPlatforms) = preSolution
		Debug|Any CPU = Debug|Any CPU
		Release|Any CPU = Release|Any CPU
	EndGlobalSection
	GlobalSection(ProjectConfigurationPlatforms) = postSolution
		{13BC22AE-05A1-4EFA-9E13-FEE37B593A77}.Debug|Any CPU.ActiveCfg = Debug|Any CPU
		{13BC22AE-05A1-4EFA-9E13-FEE37B593A77}.Debug|Any CPU.Build.0 = Debug|Any CPU
		{13BC22AE-05A1-4EFA-9E13-FEE37B593A77}.Release|Any CPU.ActiveCfg = Release|Any CPU
		{13BC22AE-05A1-4EFA-9E13-FEE37B593A77}.Release|Any CPU.Build.0 = Release|Any CPU
		{9B1DAB12-4704-419A-928B-6754A90D8565}.Debug|Any CPU.ActiveCfg = Debug|Any CPU
		{9B1DAB12-4704-419A-928B-6754A90D8565}.Debug|Any CPU.Build.0 = Debug|Any CPU
		{9B1DAB12-4704-419A-928B-6754A90D8565}.Release|Any CPU.ActiveCfg = Release|Any CPU
		{9B1DAB12-4704-419A-928B-6754A90D8565}.Release|Any CPU.Build.0 = Release|Any CPU
		{C6018328-9CB0-40A7-A429-7C6EB1AA30B1}.Debug|Any CPU.ActiveCfg = Debug|Any CPU
		{C6018328-9CB0-40A7-A429-7C6EB1AA30B1}.Debug|Any CPU.Build.0 = Debug|Any CPU
		{C6018328-9CB0-40A7-A429-7C6EB1AA30B1}.Release|Any CPU.ActiveCfg = Release|Any CPU
		{C6018328-9CB0-40A7-A429-7C6EB1AA30B1}.Release|Any CPU.Build.0 = Release|Any CPU
	EndGlobalSection
	GlobalSection(SolutionProperties) = preSolution
		HideSolutionNode = FALSE
	EndGlobalSection
	GlobalSection(ExtensibilityGlobals) = postSolution
		SolutionGuid = {912047E8-4F5D-43CA-A40C-E5B8AEFF581B}
	EndGlobalSection
EndGlobal
